
Microsoft Visual Studio Solution File, Format Version 12.00
# Visual Studio Version 16
VisualStudioVersion = 16.0.30804.86
MinimumVisualStudioVersion = 10.0.40219.1
Project("{FAE04EC0-301F-11D3-BF4B-00C04F79EFBC}") = "MovieBarCodeGenerator", "MovieBarCodeGenerator\MovieBarCodeGenerator.csproj", "{6AA1E6CC-41CB-4399-805E-449BA0825289}"
EndProject
Project("{FAE04EC0-301F-11D3-BF4B-00C04F79EFBC}") = "MovieBarCodeGenerator.Tests", "MovieBarCodeGenerator.Tests\MovieBarCodeGenerator.Tests.csproj", "{9F07ECD1-4CC3-4381-90CB-B2388C7F6A57}"
EndProject
Global
	GlobalSection(SolutionConfigurationPlatforms) = preSolution
		Debug|Any CPU = Debug|Any CPU
		Release|Any CPU = Release|Any CPU
	EndGlobalSection
	GlobalSection(ProjectConfigurationPlatforms) = postSolution
		{6AA1E6CC-41CB-4399-805E-449BA0825289}.Debug|Any CPU.ActiveCfg = Debug|Any CPU
		{6AA1E6CC-41CB-4399-805E-449BA0825289}.Debug|Any CPU.Build.0 = Debug|Any CPU
		{6AA1E6CC-41CB-4399-805E-449BA0825289}.Release|Any CPU.ActiveCfg = Release|Any CPU
		{6AA1E6CC-41CB-4399-805E-449BA0825289}.Release|Any CPU.Build.0 = Release|Any CPU
		{9F07ECD1-4CC3-4381-90CB-B2388C7F6A57}.Debug|Any CPU.ActiveCfg = Debug|Any CPU
		{9F07ECD1-4CC3-4381-90CB-B2388C7F6A57}.Debug|Any CPU.Build.0 = Debug|Any CPU
		{9F07ECD1-4CC3-4381-90CB-B2388C7F6A57}.Release|Any CPU.ActiveCfg = Release|Any CPU
	EndGlobalSection
	GlobalSection(SolutionProperties) = preSolution
		HideSolutionNode = FALSE
	EndGlobalSection
	GlobalSection(ExtensibilityGlobals) = postSolution
		SolutionGuid = {5CB3BDCA-005D-4FA5-A920-9E64BF568297}
	EndGlobalSection
EndGlobal
